
Microsoft Visual Studio Solution File, Format Version 12.00
# Visual Studio Version 17
VisualStudioVersion = 17.2.32630.192
MinimumVisualStudioVersion = 10.0.40219.1
Project("{FAE04EC0-301F-11D3-BF4B-00C04F79EFBC}") = "Bai1", "Bai1\Bai1.csproj", "{6505016A-87E8-4BDF-B1F6-24183176E8B8}"
EndProject
Global
	GlobalSection(SolutionConfigurationPlatforms) = preSolution
		Debug|Any CPU = Debug|Any CPU
		Release|Any CPU = Release|Any CPU
	EndGlobalSection
	GlobalSection(ProjectConfigurationPlatforms) = postSolution
		{6505016A-87E8-4BDF-B1F6-24183176E8B8}.Debug|Any CPU.ActiveCfg = Debug|Any CPU
		{6505016A-87E8-4BDF-B1F6-24183176E8B8}.Debug|Any CPU.Build.0 = Debug|Any CPU
		{6505016A-87E8-4BDF-B1F6-24183176E8B8}.Release|Any CPU.ActiveCfg = Release|Any CPU
		{6505016A-87E8-4BDF-B1F6-24183176E8B8}.Release|Any CPU.Build.0 = Release|Any CPU
	EndGlobalSection
	GlobalSection(SolutionProperties) = preSolution
		HideSolutionNode = FALSE
	EndGlobalSection
	GlobalSection(ExtensibilityGlobals) = postSolution
		SolutionGuid = {EA0477F3-0E90-4722-9AC5-497AAC204EA3}
	EndGlobalSection
EndGlobal
