
Microsoft Visual Studio Solution File, Format Version 12.00
# Visual Studio Version 17
VisualStudioVersion = 17.3.32819.101
MinimumVisualStudioVersion = 10.0.40219.1
Project("{FAE04EC0-301F-11D3-BF4B-00C04F79EFBC}") = "DeOn2", "DeOn2\DeOn2.csproj", "{3C645796-C0F1-43CF-978C-F5B2D362993E}"
EndProject
Global
	GlobalSection(SolutionConfigurationPlatforms) = preSolution
		Debug|Any CPU = Debug|Any CPU
		Release|Any CPU = Release|Any CPU
	EndGlobalSection
	GlobalSection(ProjectConfigurationPlatforms) = postSolution
		{3C645796-C0F1-43CF-978C-F5B2D362993E}.Debug|Any CPU.ActiveCfg = Debug|Any CPU
		{3C645796-C0F1-43CF-978C-F5B2D362993E}.Debug|Any CPU.Build.0 = Debug|Any CPU
		{3C645796-C0F1-43CF-978C-F5B2D362993E}.Release|Any CPU.ActiveCfg = Release|Any CPU
		{3C645796-C0F1-43CF-978C-F5B2D362993E}.Release|Any CPU.Build.0 = Release|Any CPU
	EndGlobalSection
	GlobalSection(SolutionProperties) = preSolution
		HideSolutionNode = FALSE
	EndGlobalSection
	GlobalSection(ExtensibilityGlobals) = postSolution
		SolutionGuid = {10F10128-0522-463F-B306-D05F845CF3DD}
	EndGlobalSection
EndGlobal
